Microsoft Visual Studio Solution File, Format Version 12.00
# Visual Studio 2012
Project("{FAE04EC0-301F-11D3-BF4B-00C04F79EFBC}") = "LoadGeoShapeData", "LoadGeoShapeData\LoadGeoShapeData.csproj", "{2983FF9E-6617-4B6F-8C6D-5771D7C2BCEA}"
EndProject
Global
	GlobalSection(SolutionConfigurationPlatforms) = preSolution
		Debug|Any CPU = Debug|Any CPU
		Release|Any CPU = Release|Any CPU
	EndGlobalSection
	GlobalSection(ProjectConfigurationPlatforms) = postSolution
		{2983FF9E-6617-4B6F-8C6D-5771D7C2BCEA}.Debug|Any CPU.ActiveCfg = Debug|Any CPU
		{2983FF9E-6617-4B6F-8C6D-5771D7C2BCEA}.Debug|Any CPU.Build.0 = Debug|Any CPU
		{2983FF9E-6617-4B6F-8C6D-5771D7C2BCEA}.Release|Any CPU.ActiveCfg = Release|Any CPU
		{2983FF9E-6617-4B6F-8C6D-5771D7C2BCEA}.Release|Any CPU.Build.0 = Release|Any CPU
	EndGlobalSection
	GlobalSection(SolutionProperties) = preSolution
		HideSolutionNode = FALSE
	EndGlobalSection
EndGlobal
